
Microsoft Visual Studio Solution File, Format Version 12.00
# Visual Studio 15
VisualStudioVersion = 15.0.28307.421
MinimumVisualStudioVersion = 10.0.40219.1
Project("{FAE04EC0-301F-11D3-BF4B-00C04F79EFBC}") = "convert", "convert\convert.csproj", "{A607DCB7-AC16-4067-BA8A-3C213E5EEDB2}"
EndProject
Global
	GlobalSection(SolutionConfigurationPlatforms) = preSolution
		Debug|Any CPU = Debug|Any CPU
		Release|Any CPU = Release|Any CPU
	EndGlobalSection
	GlobalSection(ProjectConfigurationPlatforms) = postSolution
		{A607DCB7-AC16-4067-BA8A-3C213E5EEDB2}.Debug|Any CPU.ActiveCfg = Debug|Any CPU
		{A607DCB7-AC16-4067-BA8A-3C213E5EEDB2}.Debug|Any CPU.Build.0 = Debug|Any CPU
		{A607DCB7-AC16-4067-BA8A-3C213E5EEDB2}.Release|Any CPU.ActiveCfg = Release|Any CPU
		{A607DCB7-AC16-4067-BA8A-3C213E5EEDB2}.Release|Any CPU.Build.0 = Release|Any CPU
	EndGlobalSection
	GlobalSection(SolutionProperties) = preSolution
		HideSolutionNode = FALSE
	EndGlobalSection
	GlobalSection(ExtensibilityGlobals) = postSolution
		SolutionGuid = {DAECE055-A5D8-4A79-8446-69B5DA4062BE}
	EndGlobalSection
EndGlobal
